// !$*UTF8*$!
{
	archiveVersion = 1;
	classes = {
	};
	objectVersion = 51;
	objects = {

/* Begin PBXBuildFile section */
		B8A4BFC5249D470B006A533C /* GamesFeedFetcher.swift in Sources */ = {isa = PBXBuildFile; fileRef = B8A4BFC4249D470B006A533C /* GamesFeedFetcher.swift */; };
		B8A4BFC8249D4773006A533C /* Game.swift in Sources */ = {isa = PBXBuildFile; fileRef = B8A4BFC7249D4773006A533C /* Game.swift */; };
		B8A4BFCA249D4930006A533C /* GamesSearcher.swift in Sources */ = {isa = PBXBuildFile; fileRef = B8A4BFC9249D4930006A533C /* GamesSearcher.swift */; };
		B8A4BFCD249D49CF006A533C /* GamesServices.swift in Sources */ = {isa = PBXBuildFile; fileRef = B8A4BFCC249D49CF006A533C /* GamesServices.swift */; };
		B8A4BFD8249D61EC006A533C /* GamesFeedRepository.swift in Sources */ = {isa = PBXBuildFile; fileRef = B8A4BFD7249D61EC006A533C /* GamesFeedRepository.swift */; };
		B8A4BFE1249E48B3006A533C /* UILabel + Extensions.swift in Sources */ = {isa = PBXBuildFile; fileRef = B8A4BFE0249E48B3006A533C /* UILabel + Extensions.swift */; };
		B8A4BFE3249E4A44006A533C /* GameDetailsViewController.swift in Sources */ = {isa = PBXBuildFile; fileRef = B8A4BFE2249E4A44006A533C /* GameDetailsViewController.swift */; };
		B8BD6EC3249E5805004AD7F0 /* GameDetailsPresentation.swift in Sources */ = {isa = PBXBuildFile; fileRef = B8BD6EC2249E5805004AD7F0 /* GameDetailsPresentation.swift */; };
		B8BD6EC6249E59C7004AD7F0 /* GameDetailsViewModel.swift in Sources */ = {isa = PBXBuildFile; fileRef = B8BD6EC5249E59C7004AD7F0 /* GameDetailsViewModel.swift */; };
		B8BD6EC9249E6036004AD7F0 /* GameDetailsFetcher.swift in Sources */ = {isa = PBXBuildFile; fileRef = B8BD6EC8249E6036004AD7F0 /* GameDetailsFetcher.swift */; };
		B8BD6ECC249E611A004AD7F0 /* GameDetailsResponse.swift in Sources */ = {isa = PBXBuildFile; fileRef = B8BD6ECB249E611A004AD7F0 /* GameDetailsResponse.swift */; };
		B8BD6ECF249E63C8004AD7F0 /* AppMessages.swift in Sources */ = {isa = PBXBuildFile; fileRef = B8BD6ECE249E63C8004AD7F0 /* AppMessages.swift */; };
		B8BD6ED6249E6A3B004AD7F0 /* FavoritesViewController.swift in Sources */ = {isa = PBXBuildFile; fileRef = B8BD6ED5249E6A3B004AD7F0 /* FavoritesViewController.swift */; };
		B8BD6ED9249E6A72004AD7F0 /* GamesDataSource.swift in Sources */ = {isa = PBXBuildFile; fileRef = B8BD6ED8249E6A72004AD7F0 /* GamesDataSource.swift */; };
		B8BD6EDC249E7005004AD7F0 /* FavoritesPresentation.swift in Sources */ = {isa = PBXBuildFile; fileRef = B8BD6EDB249E7005004AD7F0 /* FavoritesPresentation.swift */; };
		B8BD6EDF249E734E004AD7F0 /* EmptyStateViewController.swift in Sources */ = {isa = PBXBuildFile; fileRef = B8BD6EDE249E734E004AD7F0 /* EmptyStateViewController.swift */; };
		B8BD6EE1249E774E004AD7F0 /* Favorites.storyboard in Resources */ = {isa = PBXBuildFile; fileRef = B8BD6EE0249E774E004AD7F0 /* Favorites.storyboard */; };
		B8BD6EE4249E8351004AD7F0 /* GamesFeedTableViewCell.swift in Sources */ = {isa = PBXBuildFile; fileRef = B8BD6EE2249E8351004AD7F0 /* GamesFeedTableViewCell.swift */; };
		B8BD6EE5249E8351004AD7F0 /* GamesFeedTableViewCell.xib in Resources */ = {isa = PBXBuildFile; fileRef = B8BD6EE3249E8351004AD7F0 /* GamesFeedTableViewCell.xib */; };
		B8BD6EE7249E8C76004AD7F0 /* UITableView + Extensions.swift in Sources */ = {isa = PBXBuildFile; fileRef = B8BD6EE6249E8C76004AD7F0 /* UITableView + Extensions.swift */; };
		B8BD6EEA249E8EF3004AD7F0 /* Colors.swift in Sources */ = {isa = PBXBuildFile; fileRef = B8BD6EE9249E8EF3004AD7F0 /* Colors.swift */; };
		B8C09403249C1B84003512B4 /* AppDelegate.swift in Sources */ = {isa = PBXBuildFile; fileRef = B8C09402249C1B84003512B4 /* AppDelegate.swift */; };
		B8C09407249C1B84003512B4 /* GamesFeedViewController.swift in Sources */ = {isa = PBXBuildFile; fileRef = B8C09406249C1B84003512B4 /* GamesFeedViewController.swift */; };
		B8C0940A249C1B84003512B4 /* Main.storyboard in Resources */ = {isa = PBXBuildFile; fileRef = B8C09408249C1B84003512B4 /* Main.storyboard */; };
		B8C0940C249C1B86003512B4 /* Assets.xcassets in Resources */ = {isa = PBXBuildFile; fileRef = B8C0940B249C1B86003512B4 /* Assets.xcassets */; };
		B8C0940F249C1B86003512B4 /* LaunchScreen.storyboard in Resources */ = {isa = PBXBuildFile; fileRef = B8C0940D249C1B86003512B4 /* LaunchScreen.storyboard */; };
		B8C09422249C1F91003512B4 /* ExternalsProtocols.swift in Sources */ = {isa = PBXBuildFile; fileRef = B8C09421249C1F91003512B4 /* ExternalsProtocols.swift */; };
		B8C09427249C22AC003512B4 /* Router.swift in Sources */ = {isa = PBXBuildFile; fileRef = B8C09426249C22AC003512B4 /* Router.swift */; };
		B8C0942A249C23F6003512B4 /* UIView + Extensions.swift in Sources */ = {isa = PBXBuildFile; fileRef = B8C09429249C23F6003512B4 /* UIView + Extensions.swift */; };
		B8C0942E249C34DD003512B4 /* Endpoint.swift in Sources */ = {isa = PBXBuildFile; fileRef = B8C0942D249C34DD003512B4 /* Endpoint.swift */; };
		B8C09430249C35C6003512B4 /* URLSessionManager.swift in Sources */ = {isa = PBXBuildFile; fileRef = B8C0942F249C35C6003512B4 /* URLSessionManager.swift */; };
		B8C09433249C42AB003512B4 /* NetworkError.swift in Sources */ = {isa = PBXBuildFile; fileRef = B8C09432249C42AA003512B4 /* NetworkError.swift */; };
		B8C09436249C4362003512B4 /* Codable + Helpers.swift in Sources */ = {isa = PBXBuildFile; fileRef = B8C09435249C4362003512B4 /* Codable + Helpers.swift */; };
		B8C09438249C4A92003512B4 /* UserDefaultsManager.swift in Sources */ = {isa = PBXBuildFile; fileRef = B8C09437249C4A92003512B4 /* UserDefaultsManager.swift */; };
		B8C0943C249C4D71003512B4 /* GamesFeed.storyboard in Resources */ = {isa = PBXBuildFile; fileRef = B8C0943B249C4D71003512B4 /* GamesFeed.storyboard */; };
		B8C14CC9249D2F3400091A19 /* UICollectionView + Extensions.swift in Sources */ = {isa = PBXBuildFile; fileRef = B8C14CC8249D2F3400091A19 /* UICollectionView + Extensions.swift */; };
		B8C14CCC249D357C00091A19 /* Dynamic.swift in Sources */ = {isa = PBXBuildFile; fileRef = B8C14CCB249D357C00091A19 /* Dynamic.swift */; };
		B8C14CD0249D36BB00091A19 /* GamesFeedPresentation.swift in Sources */ = {isa = PBXBuildFile; fileRef = B8C14CCF249D36BB00091A19 /* GamesFeedPresentation.swift */; };
		B8C14CD4249D36F600091A19 /* GameViewModel.swift in Sources */ = {isa = PBXBuildFile; fileRef = B8C14CD3249D36F600091A19 /* GameViewModel.swift */; };
		B8C14CD7249D3A2600091A19 /* Storyboard.swift in Sources */ = {isa = PBXBuildFile; fileRef = B8C14CD6249D3A2600091A19 /* Storyboard.swift */; };
		B8C14CDB249D3F2D00091A19 /* ImagesManager.swift in Sources */ = {isa = PBXBuildFile; fileRef = B8C14CDA249D3F2D00091A19 /* ImagesManager.swift */; };
		D97230CB0FE8CCD54F755AA3 /* Pods_GamerStore.framework in Frameworks */ = {isa = PBXBuildFile; fileRef = 5793776F5AC3FA1D64C7FF74 /* Pods_GamerStore.framework */; };
/* End PBXBuildFile section */

/* Begin PBXFileReference section */
		276A0874AACB2ABED051D92D /* Pods-GamerStore.release.xcconfig */ = {isa = PBXFileReference; includeInIndex = 1; lastKnownFileType = text.xcconfig; name = "Pods-GamerStore.release.xcconfig"; path = "Target Support Files/Pods-GamerStore/Pods-GamerStore.release.xcconfig"; sourceTree = "<group>"; };
		53F316967842D4540EABA011 /* Pods-GamerStore.staging.xcconfig */ = {isa = PBXFileReference; includeInIndex = 1; lastKnownFileType = text.xcconfig; name = "Pods-GamerStore.staging.xcconfig"; path = "Target Support Files/Pods-GamerStore/Pods-GamerStore.staging.xcconfig"; sourceTree = "<group>"; };
		5793776F5AC3FA1D64C7FF74 /* Pods_GamerStore.framework */ = {isa = PBXFileReference; explicitFileType = wrapper.framework; includeInIndex = 0; path = Pods_GamerStore.framework; sourceTree = BUILT_PRODUCTS_DIR; };
		B8A4BFC4249D470B006A533C /* GamesFeedFetcher.swift */ = {isa = PBXFileReference; lastKnownFileType = sourcecode.swift; path = GamesFeedFetcher.swift; sourceTree = "<group>"; };
		B8A4BFC7249D4773006A533C /* Game.swift */ = {isa = PBXFileReference; lastKnownFileType = sourcecode.swift; path = Game.swift; sourceTree = "<group>"; };
		B8A4BFC9249D4930006A533C /* GamesSearcher.swift */ = {isa = PBXFileReference; lastKnownFileType = sourcecode.swift; path = GamesSearcher.swift; sourceTree = "<group>"; };
		B8A4BFCC249D49CF006A533C /* GamesServices.swift */ = {isa = PBXFileReference; lastKnownFileType = sourcecode.swift; path = GamesServices.swift; sourceTree = "<group>"; };
		B8A4BFD7249D61EC006A533C /* GamesFeedRepository.swift */ = {isa = PBXFileReference; lastKnownFileType = sourcecode.swift; path = GamesFeedRepository.swift; sourceTree = "<group>"; };
		B8A4BFE0249E48B3006A533C /* UILabel + Extensions.swift */ = {isa = PBXFileReference; lastKnownFileType = sourcecode.swift; path = "UILabel + Extensions.swift"; sourceTree = "<group>"; };
		B8A4BFE2249E4A44006A533C /* GameDetailsViewController.swift */ = {isa = PBXFileReference; lastKnownFileType = sourcecode.swift; path = GameDetailsViewController.swift; sourceTree = "<group>"; };
		B8BD6EC2249E5805004AD7F0 /* GameDetailsPresentation.swift */ = {isa = PBXFileReference; lastKnownFileType = sourcecode.swift; path = GameDetailsPresentation.swift; sourceTree = "<group>"; };
		B8BD6EC5249E59C7004AD7F0 /* GameDetailsViewModel.swift */ = {isa = PBXFileReference; lastKnownFileType = sourcecode.swift; path = GameDetailsViewModel.swift; sourceTree = "<group>"; };
		B8BD6EC8249E6036004AD7F0 /* GameDetailsFetcher.swift */ = {isa = PBXFileReference; lastKnownFileType = sourcecode.swift; path = GameDetailsFetcher.swift; sourceTree = "<group>"; };
		B8BD6ECB249E611A004AD7F0 /* GameDetailsResponse.swift */ = {isa = PBXFileReference; lastKnownFileType = sourcecode.swift; path = GameDetailsResponse.swift; sourceTree = "<group>"; };
		B8BD6ECE249E63C8004AD7F0 /* AppMessages.swift */ = {isa = PBXFileReference; lastKnownFileType = sourcecode.swift; path = AppMessages.swift; sourceTree = "<group>"; };
		B8BD6ED5249E6A3B004AD7F0 /* FavoritesViewController.swift */ = {isa = PBXFileReference; lastKnownFileType = sourcecode.swift; path = FavoritesViewController.swift; sourceTree = "<group>"; };
		B8BD6ED8249E6A72004AD7F0 /* GamesDataSource.swift */ = {isa = PBXFileReference; lastKnownFileType = sourcecode.swift; path = GamesDataSource.swift; sourceTree = "<group>"; };
		B8BD6EDB249E7005004AD7F0 /* FavoritesPresentation.swift */ = {isa = PBXFileReference; lastKnownFileType = sourcecode.swift; path = FavoritesPresentation.swift; sourceTree = "<group>"; };
		B8BD6EDE249E734E004AD7F0 /* EmptyStateViewController.swift */ = {isa = PBXFileReference; lastKnownFileType = sourcecode.swift; path = EmptyStateViewController.swift; sourceTree = "<group>"; };
		B8BD6EE0249E774E004AD7F0 /* Favorites.storyboard */ = {isa = PBXFileReference; lastKnownFileType = file.storyboard; path = Favorites.storyboard; sourceTree = "<group>"; };
		B8BD6EE2249E8351004AD7F0 /* GamesFeedTableViewCell.swift */ = {isa = PBXFileReference; lastKnownFileType = sourcecode.swift; path = GamesFeedTableViewCell.swift; sourceTree = "<group>"; };
		B8BD6EE3249E8351004AD7F0 /* GamesFeedTableViewCell.xib */ = {isa = PBXFileReference; lastKnownFileType = file.xib; path = GamesFeedTableViewCell.xib; sourceTree = "<group>"; };
		B8BD6EE6249E8C76004AD7F0 /* UITableView + Extensions.swift */ = {isa = PBXFileReference; lastKnownFileType = sourcecode.swift; path = "UITableView + Extensions.swift"; sourceTree = "<group>"; };
		B8BD6EE9249E8EF3004AD7F0 /* Colors.swift */ = {isa = PBXFileReference; lastKnownFileType = sourcecode.swift; path = Colors.swift; sourceTree = "<group>"; };
		B8C093FF249C1B84003512B4 /* GamerStore.app */ = {isa = PBXFileReference; explicitFileType = wrapper.application; includeInIndex = 0; path = GamerStore.app; sourceTree = BUILT_PRODUCTS_DIR; };
		B8C09402249C1B84003512B4 /* AppDelegate.swift */ = {isa = PBXFileReference; lastKnownFileType = sourcecode.swift; path = AppDelegate.swift; sourceTree = "<group>"; };
		B8C09406249C1B84003512B4 /* GamesFeedViewController.swift */ = {isa = PBXFileReference; lastKnownFileType = sourcecode.swift; path = GamesFeedViewController.swift; sourceTree = "<group>"; };
		B8C09409249C1B84003512B4 /* Base */ = {isa = PBXFileReference; lastKnownFileType = file.storyboard; name = Base; path = Base.lproj/Main.storyboard; sourceTree = "<group>"; };
		B8C0940B249C1B86003512B4 /* Assets.xcassets */ = {isa = PBXFileReference; lastKnownFileType = folder.assetcatalog; path = Assets.xcassets; sourceTree = "<group>"; };
		B8C0940E249C1B86003512B4 /* Base */ = {isa = PBXFileReference; lastKnownFileType = file.storyboard; name = Base; path = Base.lproj/LaunchScreen.storyboard; sourceTree = "<group>"; };
		B8C09410249C1B86003512B4 /* Info.plist */ = {isa = PBXFileReference; lastKnownFileType = text.plist.xml; path = Info.plist; sourceTree = "<group>"; };
		B8C09421249C1F91003512B4 /* ExternalsProtocols.swift */ = {isa = PBXFileReference; lastKnownFileType = sourcecode.swift; path = ExternalsProtocols.swift; sourceTree = "<group>"; };
		B8C09426249C22AC003512B4 /* Router.swift */ = {isa = PBXFileReference; lastKnownFileType = sourcecode.swift; path = Router.swift; sourceTree = "<group>"; };
		B8C09429249C23F6003512B4 /* UIView + Extensions.swift */ = {isa = PBXFileReference; lastKnownFileType = sourcecode.swift; path = "UIView + Extensions.swift"; sourceTree = "<group>"; };
		B8C0942D249C34DD003512B4 /* Endpoint.swift */ = {isa = PBXFileReference; lastKnownFileType = sourcecode.swift; path = Endpoint.swift; sourceTree = "<group>"; };
		B8C0942F249C35C6003512B4 /* URLSessionManager.swift */ = {isa = PBXFileReference; lastKnownFileType = sourcecode.swift; path = URLSessionManager.swift; sourceTree = "<group>"; };
		B8C09432249C42AA003512B4 /* NetworkError.swift */ = {isa = PBXFileReference; lastKnownFileType = sourcecode.swift; path = NetworkError.swift; sourceTree = "<group>"; };
		B8C09435249C4362003512B4 /* Codable + Helpers.swift */ = {isa = PBXFileReference; lastKnownFileType = sourcecode.swift; path = "Codable + Helpers.swift"; sourceTree = "<group>"; };
		B8C09437249C4A92003512B4 /* UserDefaultsManager.swift */ = {isa = PBXFileReference; lastKnownFileType = sourcecode.swift; path = UserDefaultsManager.swift; sourceTree = "<group>"; };
		B8C0943B249C4D71003512B4 /* GamesFeed.storyboard */ = {isa = PBXFileReference; fileEncoding = 4; lastKnownFileType = file.storyboard; path = GamesFeed.storyboard; sourceTree = "<group>"; };
		B8C14CC8249D2F3400091A19 /* UICollectionView + Extensions.swift */ = {isa = PBXFileReference; lastKnownFileType = sourcecode.swift; path = "UICollectionView + Extensions.swift"; sourceTree = "<group>"; };
		B8C14CCB249D357C00091A19 /* Dynamic.swift */ = {isa = PBXFileReference; lastKnownFileType = sourcecode.swift; path = Dynamic.swift; sourceTree = "<group>"; };
		B8C14CCF249D36BB00091A19 /* GamesFeedPresentation.swift */ = {isa = PBXFileReference; lastKnownFileType = sourcecode.swift; path = GamesFeedPresentation.swift; sourceTree = "<group>"; };
		B8C14CD3249D36F600091A19 /* GameViewModel.swift */ = {isa = PBXFileReference; lastKnownFileType = sourcecode.swift; path = GameViewModel.swift; sourceTree = "<group>"; };
		B8C14CD6249D3A2600091A19 /* Storyboard.swift */ = {isa = PBXFileReference; lastKnownFileType = sourcecode.swift; path = Storyboard.swift; sourceTree = "<group>"; };
		B8C14CDA249D3F2D00091A19 /* ImagesManager.swift */ = {isa = PBXFileReference; lastKnownFileType = sourcecode.swift; path = ImagesManager.swift; sourceTree = "<group>"; };
		EC77CBBD199F8BFA5589CA9B /* Pods-GamerStore.debug.xcconfig */ = {isa = PBXFileReference; includeInIndex = 1; lastKnownFileType = text.xcconfig; name = "Pods-GamerStore.debug.xcconfig"; path = "Target Support Files/Pods-GamerStore/Pods-GamerStore.debug.xcconfig"; sourceTree = "<group>"; };
/* End PBXFileReference section */

/* Begin PBXFrameworksBuildPhase section */
		B8C093FC249C1B84003512B4 /* Frameworks */ = {
			isa = PBXFrameworksBuildPhase;
			buildActionMask = 2147483647;
			files = (
				D97230CB0FE8CCD54F755AA3 /* Pods_GamerStore.framework in Frameworks */,
			);
			runOnlyForDeploymentPostprocessing = 0;
		};
/* End PBXFrameworksBuildPhase section */

/* Begin PBXGroup section */
		334E3A54DC4983F623B4562F /* Pods */ = {
			isa = PBXGroup;
			children = (
				EC77CBBD199F8BFA5589CA9B /* Pods-GamerStore.debug.xcconfig */,
				276A0874AACB2ABED051D92D /* Pods-GamerStore.release.xcconfig */,
				53F316967842D4540EABA011 /* Pods-GamerStore.staging.xcconfig */,
			);
			path = Pods;
			sourceTree = "<group>";
		};
		7C1CA90A7971A9B4C6FAFDE6 /* Frameworks */ = {
			isa = PBXGroup;
			children = (
				5793776F5AC3FA1D64C7FF74 /* Pods_GamerStore.framework */,
			);
			name = Frameworks;
			sourceTree = "<group>";
		};
		B8A4BFC3249D46FC006A533C /* Business */ = {
			isa = PBXGroup;
			children = (
				B8A4BFCB249D49B7006A533C /* Services */,
				B8A4BFC6249D4768006A533C /* Models */,
				B8A4BFC4249D470B006A533C /* GamesFeedFetcher.swift */,
				B8A4BFC9249D4930006A533C /* GamesSearcher.swift */,
			);
			path = Business;
			sourceTree = "<group>";
		};
		B8A4BFC6249D4768006A533C /* Models */ = {
			isa = PBXGroup;
			children = (
				B8A4BFC7249D4773006A533C /* Game.swift */,
			);
			path = Models;
			sourceTree = "<group>";
		};
		B8A4BFCB249D49B7006A533C /* Services */ = {
			isa = PBXGroup;
			children = (
				B8A4BFCC249D49CF006A533C /* GamesServices.swift */,
			);
			path = Services;
			sourceTree = "<group>";
		};
		B8A4BFD6249D61D9006A533C /* Data */ = {
			isa = PBXGroup;
			children = (
				B8A4BFD7249D61EC006A533C /* GamesFeedRepository.swift */,
			);
			path = Data;
			sourceTree = "<group>";
		};
		B8A4BFDA249E3C15006A533C /* Game Details */ = {
			isa = PBXGroup;
			children = (
				B8BD6ECA249E610F004AD7F0 /* Models */,
				B8BD6EC7249E6024004AD7F0 /* Business */,
				B8BD6EC1249E57F3004AD7F0 /* Presentation */,
				B8A4BFDD249E44D7006A533C /* View */,
			);
			path = "Game Details";
			sourceTree = "<group>";
		};
		B8A4BFDD249E44D7006A533C /* View */ = {
			isa = PBXGroup;
			children = (
				B8A4BFE2249E4A44006A533C /* GameDetailsViewController.swift */,
			);
			path = View;
			sourceTree = "<group>";
		};
		B8A4BFDF249E48A8006A533C /* UILabel */ = {
			isa = PBXGroup;
			children = (
				B8A4BFE0249E48B3006A533C /* UILabel + Extensions.swift */,
			);
			path = UILabel;
			sourceTree = "<group>";
		};
		B8BD6EC1249E57F3004AD7F0 /* Presentation */ = {
			isa = PBXGroup;
			children = (
				B8BD6EC4249E59BF004AD7F0 /* VIewModels */,
				B8BD6EC2249E5805004AD7F0 /* GameDetailsPresentation.swift */,
			);
			path = Presentation;
			sourceTree = "<group>";
		};
		B8BD6EC4249E59BF004AD7F0 /* VIewModels */ = {
			isa = PBXGroup;
			children = (
				B8BD6EC5249E59C7004AD7F0 /* GameDetailsViewModel.swift */,
			);
			path = VIewModels;
			sourceTree = "<group>";
		};
		B8BD6EC7249E6024004AD7F0 /* Business */ = {
			isa = PBXGroup;
			children = (
				B8BD6EC8249E6036004AD7F0 /* GameDetailsFetcher.swift */,
			);
			path = Business;
			sourceTree = "<group>";
		};
		B8BD6ECA249E610F004AD7F0 /* Models */ = {
			isa = PBXGroup;
			children = (
				B8BD6ECB249E611A004AD7F0 /* GameDetailsResponse.swift */,
			);
			path = Models;
			sourceTree = "<group>";
		};
		B8BD6ECD249E63BD004AD7F0 /* Messages */ = {
			isa = PBXGroup;
			children = (
				B8BD6ECE249E63C8004AD7F0 /* AppMessages.swift */,
			);
			path = Messages;
			sourceTree = "<group>";
		};
		B8BD6ED3249E6A27004AD7F0 /* View */ = {
			isa = PBXGroup;
			children = (
				B8BD6ED5249E6A3B004AD7F0 /* FavoritesViewController.swift */,
				B8BD6EE0249E774E004AD7F0 /* Favorites.storyboard */,
			);
			path = View;
			sourceTree = "<group>";
		};
		B8BD6ED7249E6A5E004AD7F0 /* DataSources and Delegates */ = {
			isa = PBXGroup;
			children = (
				B8BD6ED8249E6A72004AD7F0 /* GamesDataSource.swift */,
			);
			path = "DataSources and Delegates";
			sourceTree = "<group>";
		};
		B8BD6EDA249E6FED004AD7F0 /* Presentation */ = {
			isa = PBXGroup;
			children = (
				B8BD6EDB249E7005004AD7F0 /* FavoritesPresentation.swift */,
			);
			path = Presentation;
			sourceTree = "<group>";
		};
		B8BD6EDD249E7338004AD7F0 /* Empty Content */ = {
			isa = PBXGroup;
			children = (
				B8BD6EDE249E734E004AD7F0 /* EmptyStateViewController.swift */,
			);
			path = "Empty Content";
			sourceTree = "<group>";
		};
		B8BD6EE8249E8EE6004AD7F0 /* Colors */ = {
			isa = PBXGroup;
			children = (
				B8BD6EE9249E8EF3004AD7F0 /* Colors.swift */,
			);
			path = Colors;
			sourceTree = "<group>";
		};
		B8C093F6249C1B84003512B4 = {
			isa = PBXGroup;
			children = (
				B8C09401249C1B84003512B4 /* GamerStore */,
				B8C09400249C1B84003512B4 /* Products */,
				334E3A54DC4983F623B4562F /* Pods */,
				7C1CA90A7971A9B4C6FAFDE6 /* Frameworks */,
			);
			sourceTree = "<group>";
		};
		B8C09400249C1B84003512B4 /* Products */ = {
			isa = PBXGroup;
			children = (
				B8C093FF249C1B84003512B4 /* GamerStore.app */,
			);
			name = Products;
			sourceTree = "<group>";
		};
		B8C09401249C1B84003512B4 /* GamerStore */ = {
			isa = PBXGroup;
			children = (
				B8C09417249C1D46003512B4 /* Scenes */,
				B8C09416249C1D40003512B4 /* Common */,
			);
			path = GamerStore;
			sourceTree = "<group>";
		};
		B8C09416249C1D40003512B4 /* Common */ = {
			isa = PBXGroup;
			children = (
				B8BD6EDD249E7338004AD7F0 /* Empty Content */,
				B8BD6ED7249E6A5E004AD7F0 /* DataSources and Delegates */,
				B8C0941E249C1DE6003512B4 /* Assets */,
				B8C0941D249C1DC3003512B4 /* Externals */,
				B8C0941C249C1DB0003512B4 /* App */,
				B8C0941B249C1DAB003512B4 /* Extensions */,
			);
			path = Common;
			sourceTree = "<group>";
		};
		B8C09417249C1D46003512B4 /* Scenes */ = {
			isa = PBXGroup;
			children = (
				B8A4BFDA249E3C15006A533C /* Game Details */,
				B8C0941A249C1D6D003512B4 /* Favorite Games */,
				B8C09419249C1D5F003512B4 /* Games Feed */,
				B8C09418249C1D56003512B4 /* MainTabBar */,
			);
			path = Scenes;
			sourceTree = "<group>";
		};
		B8C09418249C1D56003512B4 /* MainTabBar */ = {
			isa = PBXGroup;
			children = (
				B8C09408249C1B84003512B4 /* Main.storyboard */,
			);
			path = MainTabBar;
			sourceTree = "<group>";
		};
		B8C09419249C1D5F003512B4 /* Games Feed */ = {
			isa = PBXGroup;
			children = (
				B8A4BFD6249D61D9006A533C /* Data */,
				B8A4BFC3249D46FC006A533C /* Business */,
				B8C14CCE249D368C00091A19 /* Presentation */,
				B8C14CCD249D368500091A19 /* View */,
			);
			path = "Games Feed";
			sourceTree = "<group>";
		};
		B8C0941A249C1D6D003512B4 /* Favorite Games */ = {
			isa = PBXGroup;
			children = (
				B8BD6EDA249E6FED004AD7F0 /* Presentation */,
				B8BD6ED3249E6A27004AD7F0 /* View */,
			);
			path = "Favorite Games";
			sourceTree = "<group>";
		};
		B8C0941B249C1DAB003512B4 /* Extensions */ = {
			isa = PBXGroup;
			children = (
				B8BD6EE8249E8EE6004AD7F0 /* Colors */,
				B8BD6ECD249E63BD004AD7F0 /* Messages */,
				B8A4BFDF249E48A8006A533C /* UILabel */,
				B8C14CD9249D3F1D00091A19 /* ImagesManager */,
				B8C14CD5249D3A1900091A19 /* Storyboard */,
				B8C14CCA249D356A00091A19 /* Dynamic */,
				B8C14CC7249D2F2400091A19 /* UICollectionView */,
				B8C09434249C4359003512B4 /* Codable */,
				B8C09428249C23EB003512B4 /* UIView */,
			);
			path = Extensions;
			sourceTree = "<group>";
		};
		B8C0941C249C1DB0003512B4 /* App */ = {
			isa = PBXGroup;
			children = (
				B8C09410249C1B86003512B4 /* Info.plist */,
				B8C09402249C1B84003512B4 /* AppDelegate.swift */,
			);
			path = App;
			sourceTree = "<group>";
		};
		B8C0941D249C1DC3003512B4 /* Externals */ = {
			isa = PBXGroup;
			children = (
				B8C09425249C2299003512B4 /* Cache */,
				B8C09424249C2295003512B4 /* Network */,
				B8C09423249C2290003512B4 /* Router */,
				B8C09421249C1F91003512B4 /* ExternalsProtocols.swift */,
			);
			path = Externals;
			sourceTree = "<group>";
		};
		B8C0941E249C1DE6003512B4 /* Assets */ = {
			isa = PBXGroup;
			children = (
				B8C0940D249C1B86003512B4 /* LaunchScreen.storyboard */,
				B8C0940B249C1B86003512B4 /* Assets.xcassets */,
			);
			path = Assets;
			sourceTree = "<group>";
		};
		B8C09423249C2290003512B4 /* Router */ = {
			isa = PBXGroup;
			children = (
				B8C09426249C22AC003512B4 /* Router.swift */,
			);
			path = Router;
			sourceTree = "<group>";
		};
		B8C09424249C2295003512B4 /* Network */ = {
			isa = PBXGroup;
			children = (
				B8C0942C249C34D1003512B4 /* Common */,
				B8C0942F249C35C6003512B4 /* URLSessionManager.swift */,
			);
			path = Network;
			sourceTree = "<group>";
		};
		B8C09425249C2299003512B4 /* Cache */ = {
			isa = PBXGroup;
			children = (
				B8C09437249C4A92003512B4 /* UserDefaultsManager.swift */,
			);
			path = Cache;
			sourceTree = "<group>";
		};
		B8C09428249C23EB003512B4 /* UIView */ = {
			isa = PBXGroup;
			children = (
				B8C09429249C23F6003512B4 /* UIView + Extensions.swift */,
			);
			path = UIView;
			sourceTree = "<group>";
		};
		B8C0942C249C34D1003512B4 /* Common */ = {
			isa = PBXGroup;
			children = (
				B8C0942D249C34DD003512B4 /* Endpoint.swift */,
				B8C09432249C42AA003512B4 /* NetworkError.swift */,
			);
			path = Common;
			sourceTree = "<group>";
		};
		B8C09434249C4359003512B4 /* Codable */ = {
			isa = PBXGroup;
			children = (
				B8C09435249C4362003512B4 /* Codable + Helpers.swift */,
			);
			path = Codable;
			sourceTree = "<group>";
		};
		B8C0943D249C4F1D003512B4 /* Cells */ = {
			isa = PBXGroup;
			children = (
				B8BD6EE2249E8351004AD7F0 /* GamesFeedTableViewCell.swift */,
				B8BD6EE3249E8351004AD7F0 /* GamesFeedTableViewCell.xib */,
			);
			path = Cells;
			sourceTree = "<group>";
		};
		B8C14CC7249D2F2400091A19 /* UICollectionView */ = {
			isa = PBXGroup;
			children = (
				B8C14CC8249D2F3400091A19 /* UICollectionView + Extensions.swift */,
				B8BD6EE6249E8C76004AD7F0 /* UITableView + Extensions.swift */,
			);
			path = UICollectionView;
			sourceTree = "<group>";
		};
		B8C14CCA249D356A00091A19 /* Dynamic */ = {
			isa = PBXGroup;
			children = (
				B8C14CCB249D357C00091A19 /* Dynamic.swift */,
			);
			path = Dynamic;
			sourceTree = "<group>";
		};
		B8C14CCD249D368500091A19 /* View */ = {
			isa = PBXGroup;
			children = (
				B8C0943D249C4F1D003512B4 /* Cells */,
				B8C0943B249C4D71003512B4 /* GamesFeed.storyboard */,
				B8C09406249C1B84003512B4 /* GamesFeedViewController.swift */,
			);
			path = View;
			sourceTree = "<group>";
		};
		B8C14CCE249D368C00091A19 /* Presentation */ = {
			isa = PBXGroup;
			children = (
				B8C14CD2249D36E500091A19 /* ViewModels */,
				B8C14CCF249D36BB00091A19 /* GamesFeedPresentation.swift */,
			);
			path = Presentation;
			sourceTree = "<group>";
		};
		B8C14CD2249D36E500091A19 /* ViewModels */ = {
			isa = PBXGroup;
			children = (
				B8C14CD3249D36F600091A19 /* GameViewModel.swift */,
			);
			path = ViewModels;
			sourceTree = "<group>";
		};
		B8C14CD5249D3A1900091A19 /* Storyboard */ = {
			isa = PBXGroup;
			children = (
				B8C14CD6249D3A2600091A19 /* Storyboard.swift */,
			);
			path = Storyboard;
			sourceTree = "<group>";
		};
		B8C14CD9249D3F1D00091A19 /* ImagesManager */ = {
			isa = PBXGroup;
			children = (
				B8C14CDA249D3F2D00091A19 /* ImagesManager.swift */,
			);
			path = ImagesManager;
			sourceTree = "<group>";
		};
/* End PBXGroup section */

/* Begin PBXNativeTarget section */
		B8C093FE249C1B84003512B4 /* GamerStore */ = {
			isa = PBXNativeTarget;
			buildConfigurationList = B8C09413249C1B86003512B4 /* Build configuration list for PBXNativeTarget "GamerStore" */;
			buildPhases = (
				732D96725BA52D9C26D9AB56 /* [CP] Check Pods Manifest.lock */,
				B8C093FB249C1B84003512B4 /* Sources */,
				B8C093FC249C1B84003512B4 /* Frameworks */,
				B8C093FD249C1B84003512B4 /* Resources */,
				7D4BC5B43505E8D50414773E /* [CP] Embed Pods Frameworks */,
			);
			buildRules = (
			);
			dependencies = (
			);
			name = GamerStore;
			productName = GamerStore;
			productReference = B8C093FF249C1B84003512B4 /* GamerStore.app */;
			productType = "com.apple.product-type.application";
		};
/* End PBXNativeTarget section */

/* Begin PBXProject section */
		B8C093F7249C1B84003512B4 /* Project object */ = {
			isa = PBXProject;
			attributes = {
				LastSwiftUpdateCheck = 1140;
				LastUpgradeCheck = 1140;
				ORGANIZATIONNAME = "Ahmed Ramy";
				TargetAttributes = {
					B8C093FE249C1B84003512B4 = {
						CreatedOnToolsVersion = 11.4.1;
					};
				};
			};
			buildConfigurationList = B8C093FA249C1B84003512B4 /* Build configuration list for PBXProject "GamerStore" */;
			compatibilityVersion = "Xcode 9.3";
			developmentRegion = en;
			hasScannedForEncodings = 0;
			knownRegions = (
				en,
				Base,
			);
			mainGroup = B8C093F6249C1B84003512B4;
			productRefGroup = B8C09400249C1B84003512B4 /* Products */;
			projectDirPath = "";
			projectRoot = "";
			targets = (
				B8C093FE249C1B84003512B4 /* GamerStore */,
			);
		};
/* End PBXProject section */

/* Begin PBXResourcesBuildPhase section */
		B8C093FD249C1B84003512B4 /* Resources */ = {
			isa = PBXResourcesBuildPhase;
			buildActionMask = 2147483647;
			files = (
				B8C0943C249C4D71003512B4 /* GamesFeed.storyboard in Resources */,
				B8C0940F249C1B86003512B4 /* LaunchScreen.storyboard in Resources */,
				B8BD6EE1249E774E004AD7F0 /* Favorites.storyboard in Resources */,
				B8C0940C249C1B86003512B4 /* Assets.xcassets in Resources */,
				B8C0940A249C1B84003512B4 /* Main.storyboard in Resources */,
				B8BD6EE5249E8351004AD7F0 /* GamesFeedTableViewCell.xib in Resources */,
			);
			runOnlyForDeploymentPostprocessing = 0;
		};
/* End PBXResourcesBuildPhase section */

/* Begin PBXShellScriptBuildPhase section */
		732D96725BA52D9C26D9AB56 /* [CP] Check Pods Manifest.lock */ = {
			isa = PBXShellScriptBuildPhase;
			buildActionMask = 2147483647;
			files = (
			);
			inputFileListPaths = (
			);
			inputPaths = (
				"${PODS_PODFILE_DIR_PATH}/Podfile.lock",
				"${PODS_ROOT}/Manifest.lock",
			);
			name = "[CP] Check Pods Manifest.lock";
			outputFileListPaths = (
			);
			outputPaths = (
				"$(DERIVED_FILE_DIR)/Pods-GamerStore-checkManifestLockResult.txt",
			);
			runOnlyForDeploymentPostprocessing = 0;
			shellPath = /bin/sh;
			shellScript = "diff \"${PODS_PODFILE_DIR_PATH}/Podfile.lock\" \"${PODS_ROOT}/Manifest.lock\" > /dev/null\nif [ $? != 0 ] ; then\n    # print error to STDERR\n    echo \"error: The sandbox is not in sync with the Podfile.lock. Run 'pod install' or update your CocoaPods installation.\" >&2\n    exit 1\nfi\n# This output is used by Xcode 'outputs' to avoid re-running this script phase.\necho \"SUCCESS\" > \"${SCRIPT_OUTPUT_FILE_0}\"\n";
			showEnvVarsInLog = 0;
		};
		7D4BC5B43505E8D50414773E /* [CP] Embed Pods Frameworks */ = {
			isa = PBXShellScriptBuildPhase;
			buildActionMask = 2147483647;
			files = (
			);
			inputFileListPaths = (
				"${PODS_ROOT}/Target Support Files/Pods-GamerStore/Pods-GamerStore-frameworks-${CONFIGURATION}-input-files.xcfilelist",
			);
			name = "[CP] Embed Pods Frameworks";
			outputFileListPaths = (
				"${PODS_ROOT}/Target Support Files/Pods-GamerStore/Pods-GamerStore-frameworks-${CONFIGURATION}-output-files.xcfilelist",
			);
			runOnlyForDeploymentPostprocessing = 0;
			shellPath = /bin/sh;
			shellScript = "\"${PODS_ROOT}/Target Support Files/Pods-GamerStore/Pods-GamerStore-frameworks.sh\"\n";
			showEnvVarsInLog = 0;
		};
/* End PBXShellScriptBuildPhase section */

/* Begin PBXSourcesBuildPhase section */
		B8C093FB249C1B84003512B4 /* Sources */ = {
			isa = PBXSourcesBuildPhase;
			buildActionMask = 2147483647;
			files = (
				B8C14CCC249D357C00091A19 /* Dynamic.swift in Sources */,
				B8A4BFE3249E4A44006A533C /* GameDetailsViewController.swift in Sources */,
				B8C14CD0249D36BB00091A19 /* GamesFeedPresentation.swift in Sources */,
				B8C0942A249C23F6003512B4 /* UIView + Extensions.swift in Sources */,
				B8C14CD4249D36F600091A19 /* GameViewModel.swift in Sources */,
				B8BD6EDC249E7005004AD7F0 /* FavoritesPresentation.swift in Sources */,
				B8BD6EC6249E59C7004AD7F0 /* GameDetailsViewModel.swift in Sources */,
				B8C14CD7249D3A2600091A19 /* Storyboard.swift in Sources */,
				B8C09433249C42AB003512B4 /* NetworkError.swift in Sources */,
				B8BD6ECF249E63C8004AD7F0 /* AppMessages.swift in Sources */,
				B8C14CC9249D2F3400091A19 /* UICollectionView + Extensions.swift in Sources */,
				B8A4BFCA249D4930006A533C /* GamesSearcher.swift in Sources */,
				B8BD6EC3249E5805004AD7F0 /* GameDetailsPresentation.swift in Sources */,
				B8C09427249C22AC003512B4 /* Router.swift in Sources */,
				B8BD6EE4249E8351004AD7F0 /* GamesFeedTableViewCell.swift in Sources */,
				B8BD6ED9249E6A72004AD7F0 /* GamesDataSource.swift in Sources */,
				B8C09436249C4362003512B4 /* Codable + Helpers.swift in Sources */,
				B8C09430249C35C6003512B4 /* URLSessionManager.swift in Sources */,
				B8BD6ECC249E611A004AD7F0 /* GameDetailsResponse.swift in Sources */,
				B8C09407249C1B84003512B4 /* GamesFeedViewController.swift in Sources */,
				B8C09438249C4A92003512B4 /* UserDefaultsManager.swift in Sources */,
				B8C09422249C1F91003512B4 /* ExternalsProtocols.swift in Sources */,
				B8A4BFC8249D4773006A533C /* Game.swift in Sources */,
				B8C14CDB249D3F2D00091A19 /* ImagesManager.swift in Sources */,
				B8C0942E249C34DD003512B4 /* Endpoint.swift in Sources */,
				B8BD6EC9249E6036004AD7F0 /* GameDetailsFetcher.swift in Sources */,
				B8C09403249C1B84003512B4 /* AppDelegate.swift in Sources */,
				B8A4BFD8249D61EC006A533C /* GamesFeedRepository.swift in Sources */,
				B8BD6EDF249E734E004AD7F0 /* EmptyStateViewController.swift in Sources */,
				B8A4BFE1249E48B3006A533C /* UILabel + Extensions.swift in Sources */,
				B8A4BFCD249D49CF006A533C /* GamesServices.swift in Sources */,
				B8BD6EEA249E8EF3004AD7F0 /* Colors.swift in Sources */,
				B8BD6EE7249E8C76004AD7F0 /* UITableView + Extensions.swift in Sources */,
				B8BD6ED6249E6A3B004AD7F0 /* FavoritesViewController.swift in Sources */,
				B8A4BFC5249D470B006A533C /* GamesFeedFetcher.swift in Sources */,
			);
			runOnlyForDeploymentPostprocessing = 0;
		};
/* End PBXSourcesBuildPhase section */

/* Begin PBXVariantGroup section */
		B8C09408249C1B84003512B4 /* Main.storyboard */ = {
			isa = PBXVariantGroup;
			children = (
				B8C09409249C1B84003512B4 /* Base */,
			);
			name = Main.storyboard;
			sourceTree = "<group>";
		};
		B8C0940D249C1B86003512B4 /* LaunchScreen.storyboard */ = {
			isa = PBXVariantGroup;
			children = (
				B8C0940E249C1B86003512B4 /* Base */,
			);
			name = LaunchScreen.storyboard;
			sourceTree = "<group>";
		};
/* End PBXVariantGroup section */

/* Begin XCBuildConfiguration section */
		B8A4BFDB249E4189006A533C /* Staging */ = {
			isa = XCBuildConfiguration;
			buildSettings = {
				ALWAYS_SEARCH_USER_PATHS = NO;
				CLANG_ANALYZER_NONNULL = YES;
				CLANG_ANALYZER_NUMBER_OBJECT_CONVERSION = YES_AGGRESSIVE;
				CLANG_CXX_LANGUAGE_STANDARD = "gnu++14";
				CLANG_CXX_LIBRARY = "libc++";
				CLANG_ENABLE_MODULES = YES;
				CLANG_ENABLE_OBJC_ARC = YES;
				CLANG_ENABLE_OBJC_WEAK = YES;
				CLANG_WARN_BLOCK_CAPTURE_AUTORELEASING = YES;
				CLANG_WARN_BOOL_CONVERSION = YES;
				CLANG_WARN_COMMA = YES;
				CLANG_WARN_CONSTANT_CONVERSION = YES;
				CLANG_WARN_DEPRECATED_OBJC_IMPLEMENTATIONS = YES;
				CLANG_WARN_DIRECT_OBJC_ISA_USAGE = YES_ERROR;
				CLANG_WARN_DOCUMENTATION_COMMENTS = YES;
				CLANG_WARN_EMPTY_BODY = YES;
				CLANG_WARN_ENUM_CONVERSION = YES;
				CLANG_WARN_INFINITE_RECURSION = YES;
				CLANG_WARN_INT_CONVERSION = YES;
				CLANG_WARN_NON_LITERAL_NULL_CONVERSION = YES;
				CLANG_WARN_OBJC_IMPLICIT_RETAIN_SELF = YES;
				CLANG_WARN_OBJC_LITERAL_CONVERSION = YES;
				CLANG_WARN_OBJC_ROOT_CLASS = YES_ERROR;
				CLANG_WARN_RANGE_LOOP_ANALYSIS = YES;
				CLANG_WARN_STRICT_PROTOTYPES = YES;
				CLANG_WARN_SUSPICIOUS_MOVE = YES;
				CLANG_WARN_UNGUARDED_AVAILABILITY = YES_AGGRESSIVE;
				CLANG_WARN_UNREACHABLE_CODE = YES;
				CLANG_WARN__DUPLICATE_METHOD_MATCH = YES;
				COPY_PHASE_STRIP = NO;
				DEBUG_INFORMATION_FORMAT = dwarf;
				ENABLE_STRICT_OBJC_MSGSEND = YES;
				ENABLE_TESTABILITY = YES;
				GCC_C_LANGUAGE_STANDARD = gnu11;
				GCC_DYNAMIC_NO_PIC = NO;
				GCC_NO_COMMON_BLOCKS = YES;
				GCC_OPTIMIZATION_LEVEL = 0;
				GCC_PREPROCESSOR_DEFINITIONS = (
					"DEBUG=1",
					"$(inherited)",
				);
				GCC_WARN_64_TO_32_BIT_CONVERSION = YES;
				GCC_WARN_ABOUT_RETURN_TYPE = YES_ERROR;
				GCC_WARN_UNDECLARED_SELECTOR = YES;
				GCC_WARN_UNINITIALIZED_AUTOS = YES_AGGRESSIVE;
				GCC_WARN_UNUSED_FUNCTION = YES;
				GCC_WARN_UNUSED_VARIABLE = YES;
				IPHONEOS_DEPLOYMENT_TARGET = 11.0;
				MTL_ENABLE_DEBUG_INFO = INCLUDE_SOURCE;
				MTL_FAST_MATH = YES;
				ONLY_ACTIVE_ARCH = YES;
				SDKROOT = iphoneos;
				SWIFT_ACTIVE_COMPILATION_CONDITIONS = DEBUG;
				SWIFT_OPTIMIZATION_LEVEL = "-Onone";
			};
			name = Staging;
		};
		B8A4BFDC249E4189006A533C /* Staging */ = {
			isa = XCBuildConfiguration;
			baseConfigurationReference = 53F316967842D4540EABA011 /* Pods-GamerStore.staging.xcconfig */;
			buildSettings = {
				ASSETCATALOG_COMPILER_APPICON_NAME = AppIcon;
				CODE_SIGN_STYLE = Automatic;
				CURRENT_PROJECT_VERSION = 1;
				DEVELOPMENT_TEAM = 969Y6REAB6;
				INFOPLIST_FILE = GamerStore/Common/App/Info.plist;
				IPHONEOS_DEPLOYMENT_TARGET = 11.0;
				LD_RUNPATH_SEARCH_PATHS = (
					"$(inherited)",
					"@executable_path/Frameworks",
				);
				MARKETING_VERSION = 1.0;
				OTHER_SWIFT_FLAGS = "$(inherited)";
				PRODUCT_BUNDLE_IDENTIFIER = "com.ahmedramy.gamerstore.GamerStore-Staging";
				PRODUCT_NAME = "$(TARGET_NAME)";
				SWIFT_VERSION = 5.0;
				TARGETED_DEVICE_FAMILY = "1,2";
			};
			name = Staging;
		};
		B8C09411249C1B86003512B4 /* Debug */ = {
			isa = XCBuildConfiguration;
			buildSettings = {
				ALWAYS_SEARCH_USER_PATHS = NO;
				CLANG_ANALYZER_NONNULL = YES;
				CLANG_ANALYZER_NUMBER_OBJECT_CONVERSION = YES_AGGRESSIVE;
				CLANG_CXX_LANGUAGE_STANDARD = "gnu++14";
				CLANG_CXX_LIBRARY = "libc++";
				CLANG_ENABLE_MODULES = YES;
				CLANG_ENABLE_OBJC_ARC = YES;
				CLANG_ENABLE_OBJC_WEAK = YES;
				CLANG_WARN_BLOCK_CAPTURE_AUTORELEASING = YES;
				CLANG_WARN_BOOL_CONVERSION = YES;
				CLANG_WARN_COMMA = YES;
				CLANG_WARN_CONSTANT_CONVERSION = YES;
				CLANG_WARN_DEPRECATED_OBJC_IMPLEMENTATIONS = YES;
				CLANG_WARN_DIRECT_OBJC_ISA_USAGE = YES_ERROR;
				CLANG_WARN_DOCUMENTATION_COMMENTS = YES;
				CLANG_WARN_EMPTY_BODY = YES;
				CLANG_WARN_ENUM_CONVERSION = YES;
				CLANG_WARN_INFINITE_RECURSION = YES;
				CLANG_WARN_INT_CONVERSION = YES;
				CLANG_WARN_NON_LITERAL_NULL_CONVERSION = YES;
				CLANG_WARN_OBJC_IMPLICIT_RETAIN_SELF = YES;
				CLANG_WARN_OBJC_LITERAL_CONVERSION = YES;
				CLANG_WARN_OBJC_ROOT_CLASS = YES_ERROR;
				CLANG_WARN_RANGE_LOOP_ANALYSIS = YES;
				CLANG_WARN_STRICT_PROTOTYPES = YES;
				CLANG_WARN_SUSPICIOUS_MOVE = YES;
				CLANG_WARN_UNGUARDED_AVAILABILITY = YES_AGGRESSIVE;
				CLANG_WARN_UNREACHABLE_CODE = YES;
				CLANG_WARN__DUPLICATE_METHOD_MATCH = YES;
				COPY_PHASE_STRIP = NO;
				DEBUG_INFORMATION_FORMAT = dwarf;
				ENABLE_STRICT_OBJC_MSGSEND = YES;
				ENABLE_TESTABILITY = YES;
				GCC_C_LANGUAGE_STANDARD = gnu11;
				GCC_DYNAMIC_NO_PIC = NO;
				GCC_NO_COMMON_BLOCKS = YES;
				GCC_OPTIMIZATION_LEVEL = 0;
				GCC_PREPROCESSOR_DEFINITIONS = (
					"DEBUG=1",
					"$(inherited)",
				);
				GCC_WARN_64_TO_32_BIT_CONVERSION = YES;
				GCC_WARN_ABOUT_RETURN_TYPE = YES_ERROR;
				GCC_WARN_UNDECLARED_SELECTOR = YES;
				GCC_WARN_UNINITIALIZED_AUTOS = YES_AGGRESSIVE;
				GCC_WARN_UNUSED_FUNCTION = YES;
				GCC_WARN_UNUSED_VARIABLE = YES;
				IPHONEOS_DEPLOYMENT_TARGET = 11.0;
				MTL_ENABLE_DEBUG_INFO = INCLUDE_SOURCE;
				MTL_FAST_MATH = YES;
				ONLY_ACTIVE_ARCH = YES;
				SDKROOT = iphoneos;
				SWIFT_ACTIVE_COMPILATION_CONDITIONS = DEBUG;
				SWIFT_OPTIMIZATION_LEVEL = "-Onone";
			};
			name = Debug;
		};
		B8C09412249C1B86003512B4 /* Release */ = {
			isa = XCBuildConfiguration;
			buildSettings = {
				ALWAYS_SEARCH_USER_PATHS = NO;
				CLANG_ANALYZER_NONNULL = YES;
				CLANG_ANALYZER_NUMBER_OBJECT_CONVERSION = YES_AGGRESSIVE;
				CLANG_CXX_LANGUAGE_STANDARD = "gnu++14";
				CLANG_CXX_LIBRARY = "libc++";
				CLANG_ENABLE_MODULES = YES;
				CLANG_ENABLE_OBJC_ARC = YES;
				CLANG_ENABLE_OBJC_WEAK = YES;
				CLANG_WARN_BLOCK_CAPTURE_AUTORELEASING = YES;
				CLANG_WARN_BOOL_CONVERSION = YES;
				CLANG_WARN_COMMA = YES;
				CLANG_WARN_CONSTANT_CONVERSION = YES;
				CLANG_WARN_DEPRECATED_OBJC_IMPLEMENTATIONS = YES;
				CLANG_WARN_DIRECT_OBJC_ISA_USAGE = YES_ERROR;
				CLANG_WARN_DOCUMENTATION_COMMENTS = YES;
				CLANG_WARN_EMPTY_BODY = YES;
				CLANG_WARN_ENUM_CONVERSION = YES;
				CLANG_WARN_INFINITE_RECURSION = YES;
				CLANG_WARN_INT_CONVERSION = YES;
				CLANG_WARN_NON_LITERAL_NULL_CONVERSION = YES;
				CLANG_WARN_OBJC_IMPLICIT_RETAIN_SELF = YES;
				CLANG_WARN_OBJC_LITERAL_CONVERSION = YES;
				CLANG_WARN_OBJC_ROOT_CLASS = YES_ERROR;
				CLANG_WARN_RANGE_LOOP_ANALYSIS = YES;
				CLANG_WARN_STRICT_PROTOTYPES = YES;
				CLANG_WARN_SUSPICIOUS_MOVE = YES;
				CLANG_WARN_UNGUARDED_AVAILABILITY = YES_AGGRESSIVE;
				CLANG_WARN_UNREACHABLE_CODE = YES;
				CLANG_WARN__DUPLICATE_METHOD_MATCH = YES;
				COPY_PHASE_STRIP = NO;
				DEBUG_INFORMATION_FORMAT = "dwarf-with-dsym";
				ENABLE_NS_ASSERTIONS = NO;
				ENABLE_STRICT_OBJC_MSGSEND = YES;
				GCC_C_LANGUAGE_STANDARD = gnu11;
				GCC_NO_COMMON_BLOCKS = YES;
				GCC_WARN_64_TO_32_BIT_CONVERSION = YES;
				GCC_WARN_ABOUT_RETURN_TYPE = YES_ERROR;
				GCC_WARN_UNDECLARED_SELECTOR = YES;
				GCC_WARN_UNINITIALIZED_AUTOS = YES_AGGRESSIVE;
				GCC_WARN_UNUSED_FUNCTION = YES;
				GCC_WARN_UNUSED_VARIABLE = YES;
				IPHONEOS_DEPLOYMENT_TARGET = 11.0;
				MTL_ENABLE_DEBUG_INFO = NO;
				MTL_FAST_MATH = YES;
				SDKROOT = iphoneos;
				SWIFT_COMPILATION_MODE = wholemodule;
				SWIFT_OPTIMIZATION_LEVEL = "-O";
				VALIDATE_PRODUCT = YES;
			};
			name = Release;
		};
		B8C09414249C1B86003512B4 /* Debug */ = {
			isa = XCBuildConfiguration;
			baseConfigurationReference = EC77CBBD199F8BFA5589CA9B /* Pods-GamerStore.debug.xcconfig */;
			buildSettings = {
				ASSETCATALOG_COMPILER_APPICON_NAME = AppIcon;
				CODE_SIGN_STYLE = Automatic;
				CURRENT_PROJECT_VERSION = 1;
				DEVELOPMENT_TEAM = 969Y6REAB6;
				INFOPLIST_FILE = GamerStore/Common/App/Info.plist;
				IPHONEOS_DEPLOYMENT_TARGET = 11.0;
				LD_RUNPATH_SEARCH_PATHS = (
					"$(inherited)",
					"@executable_path/Frameworks",
				);
				MARKETING_VERSION = 1.0;
				OTHER_SWIFT_FLAGS = "$(inherited)";
				PRODUCT_BUNDLE_IDENTIFIER = com.ahmedramy.gamerstore.GamerStore;
				PRODUCT_NAME = "$(TARGET_NAME)";
				SWIFT_VERSION = 5.0;
				TARGETED_DEVICE_FAMILY = "1,2";
			};
			name = Debug;
		};
		B8C09415249C1B86003512B4 /* Release */ = {
			isa = XCBuildConfiguration;
			baseConfigurationReference = 276A0874AACB2ABED051D92D /* Pods-GamerStore.release.xcconfig */;
			buildSettings = {
				ASSETCATALOG_COMPILER_APPICON_NAME = AppIcon;
				CODE_SIGN_STYLE = Automatic;
				CURRENT_PROJECT_VERSION = 1;
				DEVELOPMENT_TEAM = 969Y6REAB6;
				INFOPLIST_FILE = GamerStore/Common/App/Info.plist;
				IPHONEOS_DEPLOYMENT_TARGET = 11.0;
				LD_RUNPATH_SEARCH_PATHS = (
					"$(inherited)",
					"@executable_path/Frameworks",
				);
				MARKETING_VERSION = 1.0;
				OTHER_SWIFT_FLAGS = "$(inherited)";
				PRODUCT_BUNDLE_IDENTIFIER = com.ahmedramy.gamerstore.GamerStore;
				PRODUCT_NAME = "$(TARGET_NAME)";
				SWIFT_VERSION = 5.0;
				TARGETED_DEVICE_FAMILY = "1,2";
			};
			name = Release;
		};
/* End XCBuildConfiguration section */

/* Begin XCConfigurationList section */
		B8C093FA249C1B84003512B4 /* Build configuration list for PBXProject "GamerStore" */ = {
			isa = XCConfigurationList;
			buildConfigurations = (
				B8C09411249C1B86003512B4 /* Debug */,
				B8A4BFDB249E4189006A533C /* Staging */,
				B8C09412249C1B86003512B4 /* Release */,
			);
			defaultConfigurationIsVisible = 0;
			defaultConfigurationName = Release;
		};
		B8C09413249C1B86003512B4 /* Build configuration list for PBXNativeTarget "GamerStore" */ = {
			isa = XCConfigurationList;
			buildConfigurations = (
				B8C09414249C1B86003512B4 /* Debug */,
				B8A4BFDC249E4189006A533C /* Staging */,
				B8C09415249C1B86003512B4 /* Release */,
			);
			defaultConfigurationIsVisible = 0;
			defaultConfigurationName = Release;
		};
/* End XCConfigurationList section */
	};
	rootObject = B8C093F7249C1B84003512B4 /* Project object */;
}
